
Microsoft Visual Studio Solution File, Format Version 12.00
# Visual Studio Version 16
VisualStudioVersion = 16.0.30330.147
MinimumVisualStudioVersion = 10.0.40219.1
Project("{9A19103F-16F7-4668-BE54-9A1E7A4F7556}") = "SeleniumFramework", "vaidarerrado\SeleniumFramework.csproj", "{85536658-17C2-4CD3-AD0F-EF8E8EA4D76D}"
EndProject
Global
	GlobalSection(SolutionConfigurationPlatforms) = preSolution
		Debug|Any CPU = Debug|Any CPU
		Release|Any CPU = Release|Any CPU
	EndGlobalSection
	GlobalSection(ProjectConfigurationPlatforms) = postSolution
		{85536658-17C2-4CD3-AD0F-EF8E8EA4D76D}.Debug|Any CPU.ActiveCfg = Debug|Any CPU
		{85536658-17C2-4CD3-AD0F-EF8E8EA4D76D}.Debug|Any CPU.Build.0 = Debug|Any CPU
		{85536658-17C2-4CD3-AD0F-EF8E8EA4D76D}.Release|Any CPU.ActiveCfg = Release|Any CPU
		{85536658-17C2-4CD3-AD0F-EF8E8EA4D76D}.Release|Any CPU.Build.0 = Release|Any CPU
	EndGlobalSection
	GlobalSection(SolutionProperties) = preSolution
		HideSolutionNode = FALSE
	EndGlobalSection
	GlobalSection(ExtensibilityGlobals) = postSolution
		SolutionGuid = {3FBD56AE-E822-4CEC-B486-6657C604136D}
	EndGlobalSection
EndGlobal
